Microsoft Visual Studio Solution File, Format Version 8.00
Project("{8BC9CEB8-8B4A-11D0-8D11-00A0C91BC942}") = "stfeatures", "stfeatures\stfeatures.vcproj", "{FB29770D-C215-4C91-97FA-4966BD8AC2F8}"
	ProjectSection(ProjectDependencies) = postProject
	EndProjectSection
EndProject
Project("{8BC9CEB8-8B4A-11D0-8D11-00A0C91BC942}") = "cmdCam", "cmdCam\cmdCam.vcproj", "{B0C2F79E-5717-4736-9C7F-139B43C29D71}"
	ProjectSection(ProjectDependencies) = postProject
	EndProjectSection
EndProject
Project("{8BC9CEB8-8B4A-11D0-8D11-00A0C91BC942}") = "ptviewer", "ptviewer\ptviewer.vcproj", "{6E87BD1D-B726-48C7-91F5-5B6CEE2EC117}"
	ProjectSection(ProjectDependencies) = postProject
	EndProjectSection
EndProject
Global
	GlobalSection(SolutionConfiguration) = preSolution
		Debug = Debug
		Release = Release
	EndGlobalSection
	GlobalSection(ProjectConfiguration) = postSolution
		{FB29770D-C215-4C91-97FA-4966BD8AC2F8}.Debug.ActiveCfg = Debug|Win32
		{FB29770D-C215-4C91-97FA-4966BD8AC2F8}.Debug.Build.0 = Debug|Win32
		{FB29770D-C215-4C91-97FA-4966BD8AC2F8}.Release.ActiveCfg = Release|Win32
		{FB29770D-C215-4C91-97FA-4966BD8AC2F8}.Release.Build.0 = Release|Win32
		{B0C2F79E-5717-4736-9C7F-139B43C29D71}.Debug.ActiveCfg = Debug|Win32
		{B0C2F79E-5717-4736-9C7F-139B43C29D71}.Debug.Build.0 = Debug|Win32
		{B0C2F79E-5717-4736-9C7F-139B43C29D71}.Release.ActiveCfg = Release|Win32
		{B0C2F79E-5717-4736-9C7F-139B43C29D71}.Release.Build.0 = Release|Win32
		{6E87BD1D-B726-48C7-91F5-5B6CEE2EC117}.Debug.ActiveCfg = Debug|Win32
		{6E87BD1D-B726-48C7-91F5-5B6CEE2EC117}.Debug.Build.0 = Debug|Win32
		{6E87BD1D-B726-48C7-91F5-5B6CEE2EC117}.Release.ActiveCfg = Release|Win32
		{6E87BD1D-B726-48C7-91F5-5B6CEE2EC117}.Release.Build.0 = Release|Win32
	EndGlobalSection
	GlobalSection(SolutionItems) = postSolution
		list_precomp.py = list_precomp.py
		notes.txt = notes.txt
		stipcv.lua = stipcv.lua
	EndGlobalSection
	GlobalSection(ExtensibilityGlobals) = postSolution
	EndGlobalSection
	GlobalSection(ExtensibilityAddIns) = postSolution
	EndGlobalSection
EndGlobal
